
Microsoft Visual Studio Solution File, Format Version 12.00
# Visual Studio Version 16
VisualStudioVersion = 16.0.31229.75
MinimumVisualStudioVersion = 10.0.40219.1
Project("{FAE04EC0-301F-11D3-BF4B-00C04F79EFBC}") = "App1", "App1.csproj", "{E71F3A81-299C-4546-8365-F225323A57E2}"
EndProject
Global
	GlobalSection(SolutionConfigurationPlatforms) = preSolution
		Debug|Any CPU = Debug|Any CPU
		Release|Any CPU = Release|Any CPU
	EndGlobalSection
	GlobalSection(ProjectConfigurationPlatforms) = postSolution
		{E71F3A81-299C-4546-8365-F225323A57E2}.Debug|Any CPU.ActiveCfg = Debug|Any CPU
		{E71F3A81-299C-4546-8365-F225323A57E2}.Debug|Any CPU.Build.0 = Debug|Any CPU
		{E71F3A81-299C-4546-8365-F225323A57E2}.Release|Any CPU.ActiveCfg = Release|Any CPU
		{E71F3A81-299C-4546-8365-F225323A57E2}.Release|Any CPU.Build.0 = Release|Any CPU
	EndGlobalSection
	GlobalSection(SolutionProperties) = preSolution
		HideSolutionNode = FALSE
	EndGlobalSection
	GlobalSection(ExtensibilityGlobals) = postSolution
		SolutionGuid = {D16300BF-EE06-4B55-BFB1-B04051AAC83F}
	EndGlobalSection
EndGlobal
